# This file is autogenerated, do not edit; changes may be undone by the next 'dep ensure'.


[[projects]]
  digest = "1:d2754cafcab0d22c13541618a8029a70a8959eb3525ff201fe971637e2274cd0"
  name = "github.com/google/go-cmp"
  packages = [
    "cmp",
    "cmp/cmpopts",
    "cmp/internal/diff",
    "cmp/internal/function",
    "cmp/internal/value",
  ]
  pruneopts = "UT"
  revision = "3af367b6b30c263d47e8895973edcca9a49cf029"
  version = "v0.2.0"

[[projects]]
  branch = "master"
  digest = "1:bc7f8cc9037f64c303fb4c4eb6430d73c37a5b2e17347088ac93d36067705037"
  name = "github.com/tama-go/assert"
  packages = ["."]
  pruneopts = "UT"
  revision = "31436aa7ed9254a62ea453c141fb26fcd7be48b9"

[solve-meta]
  analyzer-name = "dep"
  analyzer-version = 1
  input-imports = [
    "github.com/google/go-cmp/cmp",
    "github.com/google/go-cmp/cmp/cmpopts",
    "github.com/tama-go/assert",
  ]
  solver-name = "gps-cdcl"
  solver-version = 1
